
Microsoft Visual Studio Solution File, Format Version 12.00
# Visual Studio Version 17
VisualStudioVersion = 17.10.34928.147
MinimumVisualStudioVersion = 10.0.40219.1
Project("{FAE04EC0-301F-11D3-BF4B-00C04F79EFBC}") = "EngineeringLog", "EngineeringLog\EngineeringLog.csproj", "{27E2EC9F-D599-46A5-8279-324F22B6EC0E}"
EndProject
Global
	GlobalSection(SolutionConfigurationPlatforms) = preSolution
		Debug|Any CPU = Debug|Any CPU
		Release|Any CPU = Release|Any CPU
	EndGlobalSection
	GlobalSection(ProjectConfigurationPlatforms) = postSolution
		{27E2EC9F-D599-46A5-8279-324F22B6EC0E}.Debug|Any CPU.ActiveCfg = Debug|Any CPU
		{27E2EC9F-D599-46A5-8279-324F22B6EC0E}.Debug|Any CPU.Build.0 = Debug|Any CPU
		{27E2EC9F-D599-46A5-8279-324F22B6EC0E}.Release|Any CPU.ActiveCfg = Release|Any CPU
		{27E2EC9F-D599-46A5-8279-324F22B6EC0E}.Release|Any CPU.Build.0 = Release|Any CPU
	EndGlobalSection
	GlobalSection(SolutionProperties) = preSolution
		HideSolutionNode = FALSE
	EndGlobalSection
	GlobalSection(ExtensibilityGlobals) = postSolution
		SolutionGuid = {A2CC49D7-ED3F-4488-BCE6-AB556B272357}
	EndGlobalSection
EndGlobal
